// !$*UTF8*$!
{
	archiveVersion = 1;
	classes = {
	};
	objectVersion = 46;
	objects = {
/* Begin PBXBuildFile section */
		0207DA581B56EA530066E2B4 /* Images.xcassets in Resources */ = {isa = PBXBuildFile; fileRef = 0207DA571B56EA530066E2B4 /* Images.xcassets */; };
		1D3623260D0F684500981E51 /* AppDelegate.m in Sources */ = {isa = PBXBuildFile; fileRef = 1D3623250D0F684500981E51 /* AppDelegate.m */; };
		1D60589B0D05DD56006BFB54 /* main.m in Sources */ = {isa = PBXBuildFile; fileRef = 29B97316FDCFA39411CA2CEA /* main.m */; };
		301BF552109A68D80062928A /* libCordova.a in Frameworks */ = {isa = PBXBuildFile; fileRef = 301BF535109A57CC0062928A /* libCordova.a */; };
		302D95F114D2391D003F00A1 /* MainViewController.m in Sources */ = {isa = PBXBuildFile; fileRef = 302D95EF14D2391D003F00A1 /* MainViewController.m */; };
		302D95F214D2391D003F00A1 /* MainViewController.xib in Resources */ = {isa = PBXBuildFile; fileRef = 302D95F014D2391D003F00A1 /* MainViewController.xib */; };
		3047A5121AB8059700498E2A /* build-debug.xcconfig in Resources */ = {isa = PBXBuildFile; fileRef = 3047A50F1AB8059700498E2A /* build-debug.xcconfig */; };
		3047A5131AB8059700498E2A /* build-release.xcconfig in Resources */ = {isa = PBXBuildFile; fileRef = 3047A5101AB8059700498E2A /* build-release.xcconfig */; };
		3047A5141AB8059700498E2A /* build.xcconfig in Resources */ = {isa = PBXBuildFile; fileRef = 3047A5111AB8059700498E2A /* build.xcconfig */; };
		6AFF5BF91D6E424B00AB3073 /* CDVLaunchScreen.storyboard in Resources */ = {isa = PBXBuildFile; fileRef = 6AFF5BF81D6E424B00AB3073 /* CDVLaunchScreen.storyboard */; };
		3D9418B1A30B42FE9FD98947 /* CDVStatusBar.m in Sources */ = {isa = PBXBuildFile; fileRef = DAAEB86ED0B648DA80C50306 /* CDVStatusBar.m */; };
		7FED0C7F554F43418D74E33A /* CDVDevice.m in Sources */ = {isa = PBXBuildFile; fileRef = 47A6A7CCEE92427F89803A47 /* CDVDevice.m */; };
		A7E0DE85DC64402782886FCE /* CDVGlobalization.m in Sources */ = {isa = PBXBuildFile; fileRef = CDEC461FE4D14239B706814D /* CDVGlobalization.m */; };
		23EAE02306FE499399E97CBD /* CDVConnection.m in Sources */ = {isa = PBXBuildFile; fileRef = FA195DA26860494584C501F6 /* CDVConnection.m */; };
		A5148FC4E91C493384933A48 /* CDVReachability.m in Sources */ = {isa = PBXBuildFile; fileRef = 075B818C58FA41FDA19F6F28 /* CDVReachability.m */; };
		ADCD5DBDC7F6486F9F8CFF86 /* SystemConfiguration.framework in Frameworks */ = {isa = PBXBuildFile; fileRef = E4525D8E9398421DB8D0A413 /* SystemConfiguration.framework */; settings = {ATTRIBUTES = (Weak, ); }; };
		CADC104A1A894B36B949DB87 /* CoreTelephony.framework in Frameworks */ = {isa = PBXBuildFile; fileRef = AAC9BE9AC3674EEC9D90F943 /* CoreTelephony.framework */; };
		383A5B0B09394C289476E57A /* CDVInAppBrowser.m in Sources */ = {isa = PBXBuildFile; fileRef = 4D4608E25ADE4BAD960D04D6 /* CDVInAppBrowser.m */; };
		AEAC574A74E84C73908405E5 /* AppDelegate+FirebasePlugin.m in Sources */ = {isa = PBXBuildFile; fileRef = 11EA7E8BCEE04A7AAC33DB8A /* AppDelegate+FirebasePlugin.m */; };
		DD502059B20D4AE5AABCDE28 /* FirebasePlugin.m in Sources */ = {isa = PBXBuildFile; fileRef = 8D9E2555043F4009A04603EA /* FirebasePlugin.m */; };
		4D1A05DC7F38463185F79490 /* GoogleService-Info.plist in Resources */ = {isa = PBXBuildFile; fileRef = 6FE74B2934854022937E539A /* GoogleService-Info.plist */; };
		A76E88D4F08F4D6D8352B1B2 /* Crashlytics.framework in Frameworks */ = {isa = PBXBuildFile; fileRef = 752561B5F10A42CD83BB93BE /* Crashlytics.framework */; };
		E1CD479009D84072A18DB533 /* Fabric.framework in Frameworks */ = {isa = PBXBuildFile; fileRef = 65FE0CADF1DC405CA37E5670 /* Fabric.framework */; };
		F4057783D4044178ABB1AD6A /* GoogleAppMeasurement.framework in Frameworks */ = {isa = PBXBuildFile; fileRef = 9AAFD61279B04084A91F1961 /* GoogleAppMeasurement.framework */; };
		9D475D6CFD6B4160BD9B5C28 /* MeasurementNanoPB.framework in Frameworks */ = {isa = PBXBuildFile; fileRef = D30D2622697942C58E797ADC /* MeasurementNanoPB.framework */; };
		D1179C5957834144986E6AAB /* FirebaseCore.framework in Frameworks */ = {isa = PBXBuildFile; fileRef = B443058E14C0484BB1486352 /* FirebaseCore.framework */; };
		5F39BDF8DD9240CFB1D6B516 /* FirebaseAnalytics.framework in Frameworks */ = {isa = PBXBuildFile; fileRef = FB3037136C324590813844B4 /* FirebaseAnalytics.framework */; };
		2558EF9BBBF141028689AE69 /* GoogleUtilities.framework in Frameworks */ = {isa = PBXBuildFile; fileRef = 9CFE3167B24A4E03B232E4AA /* GoogleUtilities.framework */; };
		A6B51542105D48BBB151037B /* nanopb.framework in Frameworks */ = {isa = PBXBuildFile; fileRef = 9BA80703B1B7420F85A3CF03 /* nanopb.framework */; };
		C02C3901CD9D4182B6D9BD56 /* FirebaseInstanceID.framework in Frameworks */ = {isa = PBXBuildFile; fileRef = ED6F1FAC844E4693BC24A5E8 /* FirebaseInstanceID.framework */; };
		DC78D3F324494822972A72DE /* FirebaseCoreDiagnostics.framework in Frameworks */ = {isa = PBXBuildFile; fileRef = 0F2B5B7A429E410AB1686AAD /* FirebaseCoreDiagnostics.framework */; };
		A2AFA122453B42FE92367471 /* GTMSessionFetcher.framework in Frameworks */ = {isa = PBXBuildFile; fileRef = F4ABE4E69A9D40CDB37DCA49 /* GTMSessionFetcher.framework */; };
		E68374B4F4E540059BA4079D /* FirebaseAuth.framework in Frameworks */ = {isa = PBXBuildFile; fileRef = F4B1DA3E2005443489E10E1B /* FirebaseAuth.framework */; };
		25154A2D2A88417CA1DEFDDB /* FirebaseMessaging.framework in Frameworks */ = {isa = PBXBuildFile; fileRef = E3570FA0063A4B32B582A88E /* FirebaseMessaging.framework */; };
		0BF40CFA6C9D46D9935E8FBE /* GoogleToolboxForMac.framework in Frameworks */ = {isa = PBXBuildFile; fileRef = D71B536CB9CA4DB9A5E405C2 /* GoogleToolboxForMac.framework */; };
		2ABA0736345645E981CE236B /* FirebasePerformance.framework in Frameworks */ = {isa = PBXBuildFile; fileRef = 412B87EDC207419B8DA55274 /* FirebasePerformance.framework */; };
		DE897088066F47F7A50067AE /* Protobuf.framework in Frameworks */ = {isa = PBXBuildFile; fileRef = 15C30F1C1D9C442092FFC6CE /* Protobuf.framework */; };
		5C99B3D808244EB6AFA5E78A /* FirebaseRemoteConfig.framework in Frameworks */ = {isa = PBXBuildFile; fileRef = 78B3FD8EE6E64BE9BD69E679 /* FirebaseRemoteConfig.framework */; };
		AB25C2DFC96047B1A58E2568 /* FirebaseABTesting.framework in Frameworks */ = {isa = PBXBuildFile; fileRef = A8D2ABEE017142D6BF9D34D5 /* FirebaseABTesting.framework */; };
/* End PBXBuildFile section */

/* Begin PBXContainerItemProxy section */
		301BF534109A57CC0062928A /* PBXContainerItemProxy */ = {
			isa = PBXContainerItemProxy;
			containerPortal = 301BF52D109A57CC0062928A /* CordovaLib.xcodeproj */;
			proxyType = 2;
			remoteGlobalIDString = D2AAC07E0554694100DB518D;
			remoteInfo = CordovaLib;
		};
		301BF550109A68C00062928A /* PBXContainerItemProxy */ = {
			isa = PBXContainerItemProxy;
			containerPortal = 301BF52D109A57CC0062928A /* CordovaLib.xcodeproj */;
			proxyType = 1;
			remoteGlobalIDString = D2AAC07D0554694100DB518D;
			remoteInfo = CordovaLib;
		};
/* End PBXContainerItemProxy section */

/* Begin PBXFileReference section */
		0207DA571B56EA530066E2B4 /* Images.xcassets */ = {isa = PBXFileReference; lastKnownFileType = folder.assetcatalog; name = Images.xcassets; path = "finDB/Images.xcassets"; sourceTree = SOURCE_ROOT; };
		1D3623240D0F684500981E51 /* AppDelegate.h */ = {isa = PBXFileReference; fileEncoding = 4; lastKnownFileType = sourcecode.c.h; path = AppDelegate.h; sourceTree = "<group>"; };
		1D3623250D0F684500981E51 /* AppDelegate.m */ = {isa = PBXFileReference; fileEncoding = 4; lastKnownFileType = sourcecode.c.objc; path = AppDelegate.m; sourceTree = "<group>"; };
		1D6058910D05DD3D006BFB54 /* finDB.app */ = {isa = PBXFileReference; explicitFileType = wrapper.application; includeInIndex = 0; path = "finDB.app"; sourceTree = BUILT_PRODUCTS_DIR; };
		29B97316FDCFA39411CA2CEA /* main.m */ = {isa = PBXFileReference; fileEncoding = 4; lastKnownFileType = sourcecode.c.objc; path = main.m; sourceTree = "<group>"; };
		301BF52D109A57CC0062928A /* CordovaLib.xcodeproj */ = {isa = PBXFileReference; lastKnownFileType = "wrapper.pb-project"; path = CordovaLib/CordovaLib.xcodeproj; sourceTree = "<group>"; };
		301BF56E109A69640062928A /* www */ = {isa = PBXFileReference; lastKnownFileType = folder; path = www; sourceTree = SOURCE_ROOT; };
		302D95EE14D2391D003F00A1 /* MainViewController.h */ = {isa = PBXFileReference; fileEncoding = 4; lastKnownFileType = sourcecode.c.h; path = MainViewController.h; sourceTree = "<group>"; };
		302D95EF14D2391D003F00A1 /* MainViewController.m */ = {isa = PBXFileReference; fileEncoding = 4; lastKnownFileType = sourcecode.c.objc; path = MainViewController.m; sourceTree = "<group>"; };
		302D95F014D2391D003F00A1 /* MainViewController.xib */ = {isa = PBXFileReference; fileEncoding = 4; lastKnownFileType = file.xib; path = MainViewController.xib; sourceTree = "<group>"; };
		3047A50F1AB8059700498E2A /* build-debug.xcconfig */ = {isa = PBXFileReference; fileEncoding = 4; lastKnownFileType = text.xcconfig; name = "build-debug.xcconfig"; path = cordova/build-debug.xcconfig; sourceTree = SOURCE_ROOT; };
		3047A5101AB8059700498E2A /* build-release.xcconfig */ = {isa = PBXFileReference; fileEncoding = 4; lastKnownFileType = text.xcconfig; name = "build-release.xcconfig"; path = cordova/build-release.xcconfig; sourceTree = SOURCE_ROOT; };
		3047A5111AB8059700498E2A /* build.xcconfig */ = {isa = PBXFileReference; fileEncoding = 4; lastKnownFileType = text.xcconfig; name = build.xcconfig; path = cordova/build.xcconfig; sourceTree = SOURCE_ROOT; };
		32CA4F630368D1EE00C91783 /* finDB-Prefix.pch */ = {isa = PBXFileReference; fileEncoding = 4; lastKnownFileType = sourcecode.c.h; path = "finDB-Prefix.pch"; sourceTree = "<group>"; };
		6AFF5BF81D6E424B00AB3073 /* CDVLaunchScreen.storyboard */ = {isa = PBXFileReference; fileEncoding = 4; lastKnownFileType = file.storyboard; name = CDVLaunchScreen.storyboard; path = "finDB/CDVLaunchScreen.storyboard"; sourceTree = SOURCE_ROOT; };
		8D1107310486CEB800E47090 /* finDB-Info.plist */ = {isa = PBXFileReference; fileEncoding = 4; lastKnownFileType = text.plist.xml; name = "finDB-Info.plist"; path = "finDB/finDB-Info.plist"; plistStructureDefinitionIdentifier = "com.apple.xcode.plist.structure-definition.iphone.info-plist"; sourceTree = SOURCE_ROOT; };
		EB87FDF31871DA8E0020F90C /* www */ = {isa = PBXFileReference; lastKnownFileType = folder; name = www; path = ../../www; sourceTree = "<group>"; };
		EB87FDF41871DAF40020F90C /* config.xml */ = {isa = PBXFileReference; lastKnownFileType = text.xml; name = config.xml; path = ../../config.xml; sourceTree = "<group>"; };
		F840E1F0165FE0F500CFE078 /* config.xml */ = {isa = PBXFileReference; lastKnownFileType = text.xml; name = config.xml; path = "finDB/config.xml"; sourceTree = "<group>"; };
		ED33DF2A687741AEAF9F8254 /* Bridging-Header.h */ = {isa = PBXFileReference; fileEncoding = 4; lastKnownFileType = sourcecode.c.h; name = "Bridging-Header.h"; path = "Bridging-Header.h"; sourceTree = "<group>"; };
		DAAEB86ED0B648DA80C50306 /* CDVStatusBar.m */ = {isa = PBXFileReference; name = "CDVStatusBar.m"; path = "cordova-plugin-statusbar/CDVStatusBar.m"; sourceTree = "<group>"; fileEncoding = 4; lastKnownFileType = sourcecode.c.objc; explicitFileType = undefined; includeInIndex = 0; };
		7E249B025A724C708A49A6F5 /* CDVStatusBar.h */ = {isa = PBXFileReference; name = "CDVStatusBar.h"; path = "cordova-plugin-statusbar/CDVStatusBar.h"; sourceTree = "<group>"; fileEncoding = 4; lastKnownFileType = sourcecode.c.h; explicitFileType = undefined; includeInIndex = 0; };
		47A6A7CCEE92427F89803A47 /* CDVDevice.m */ = {isa = PBXFileReference; name = "CDVDevice.m"; path = "cordova-plugin-device/CDVDevice.m"; sourceTree = "<group>"; fileEncoding = 4; lastKnownFileType = sourcecode.c.objc; explicitFileType = undefined; includeInIndex = 0; };
		ADFFBDF16B3143E6A89E28F6 /* CDVDevice.h */ = {isa = PBXFileReference; name = "CDVDevice.h"; path = "cordova-plugin-device/CDVDevice.h"; sourceTree = "<group>"; fileEncoding = 4; lastKnownFileType = sourcecode.c.h; explicitFileType = undefined; includeInIndex = 0; };
		CDEC461FE4D14239B706814D /* CDVGlobalization.m */ = {isa = PBXFileReference; name = "CDVGlobalization.m"; path = "cordova-plugin-globalization/CDVGlobalization.m"; sourceTree = "<group>"; fileEncoding = 4; lastKnownFileType = sourcecode.c.objc; explicitFileType = undefined; includeInIndex = 0; };
		0213382866A74016B5B70823 /* CDVGlobalization.h */ = {isa = PBXFileReference; name = "CDVGlobalization.h"; path = "cordova-plugin-globalization/CDVGlobalization.h"; sourceTree = "<group>"; fileEncoding = 4; lastKnownFileType = sourcecode.c.h; explicitFileType = undefined; includeInIndex = 0; };
		FA195DA26860494584C501F6 /* CDVConnection.m */ = {isa = PBXFileReference; name = "CDVConnection.m"; path = "cordova-plugin-network-information/CDVConnection.m"; sourceTree = "<group>"; fileEncoding = 4; lastKnownFileType = sourcecode.c.objc; explicitFileType = undefined; includeInIndex = 0; };
		075B818C58FA41FDA19F6F28 /* CDVReachability.m */ = {isa = PBXFileReference; name = "CDVReachability.m"; path = "cordova-plugin-network-information/CDVReachability.m"; sourceTree = "<group>"; fileEncoding = 4; lastKnownFileType = sourcecode.c.objc; explicitFileType = undefined; includeInIndex = 0; };
		D616FC4B78FF4CEFB92DB7FE /* CDVConnection.h */ = {isa = PBXFileReference; name = "CDVConnection.h"; path = "cordova-plugin-network-information/CDVConnection.h"; sourceTree = "<group>"; fileEncoding = 4; lastKnownFileType = sourcecode.c.h; explicitFileType = undefined; includeInIndex = 0; };
		157EABCAEDEA426E8CF5E31E /* CDVReachability.h */ = {isa = PBXFileReference; name = "CDVReachability.h"; path = "cordova-plugin-network-information/CDVReachability.h"; sourceTree = "<group>"; fileEncoding = 4; lastKnownFileType = sourcecode.c.h; explicitFileType = undefined; includeInIndex = 0; };
		E4525D8E9398421DB8D0A413 /* SystemConfiguration.framework */ = {isa = PBXFileReference; name = "SystemConfiguration.framework"; path = "System/Library/Frameworks/SystemConfiguration.framework"; sourceTree = SDKROOT; fileEncoding = undefined; lastKnownFileType = wrapper.framework; explicitFileType = undefined; includeInIndex = 0; };
		AAC9BE9AC3674EEC9D90F943 /* CoreTelephony.framework */ = {isa = PBXFileReference; name = "CoreTelephony.framework"; path = "System/Library/Frameworks/CoreTelephony.framework"; sourceTree = SDKROOT; fileEncoding = undefined; lastKnownFileType = wrapper.framework; explicitFileType = undefined; includeInIndex = 0; };
		4D4608E25ADE4BAD960D04D6 /* CDVInAppBrowser.m */ = {isa = PBXFileReference; name = "CDVInAppBrowser.m"; path = "cordova-plugin-inappbrowser/CDVInAppBrowser.m"; sourceTree = "<group>"; fileEncoding = 4; lastKnownFileType = sourcecode.c.objc; explicitFileType = undefined; includeInIndex = 0; };
		08556F405DB84540877C7FCD /* CDVInAppBrowser.h */ = {isa = PBXFileReference; name = "CDVInAppBrowser.h"; path = "cordova-plugin-inappbrowser/CDVInAppBrowser.h"; sourceTree = "<group>"; fileEncoding = 4; lastKnownFileType = sourcecode.c.h; explicitFileType = undefined; includeInIndex = 0; };
		11EA7E8BCEE04A7AAC33DB8A /* AppDelegate+FirebasePlugin.m */ = {isa = PBXFileReference; name = "AppDelegate+FirebasePlugin.m"; path = "cordova-plugin-firebase/AppDelegate+FirebasePlugin.m"; sourceTree = "<group>"; fileEncoding = 4; lastKnownFileType = sourcecode.c.objc; explicitFileType = undefined; includeInIndex = 0; };
		8D9E2555043F4009A04603EA /* FirebasePlugin.m */ = {isa = PBXFileReference; name = "FirebasePlugin.m"; path = "cordova-plugin-firebase/FirebasePlugin.m"; sourceTree = "<group>"; fileEncoding = 4; lastKnownFileType = sourcecode.c.objc; explicitFileType = undefined; includeInIndex = 0; };
		1B26BE58D05043DD8589CE5E /* AppDelegate+FirebasePlugin.h */ = {isa = PBXFileReference; name = "AppDelegate+FirebasePlugin.h"; path = "cordova-plugin-firebase/AppDelegate+FirebasePlugin.h"; sourceTree = "<group>"; fileEncoding = 4; lastKnownFileType = sourcecode.c.h; explicitFileType = undefined; includeInIndex = 0; };
		E7C250E367064517A627E942 /* FirebasePlugin.h */ = {isa = PBXFileReference; name = "FirebasePlugin.h"; path = "cordova-plugin-firebase/FirebasePlugin.h"; sourceTree = "<group>"; fileEncoding = 4; lastKnownFileType = sourcecode.c.h; explicitFileType = undefined; includeInIndex = 0; };
		94FFC74096C342A08627CCAA /* Firebase.h */ = {isa = PBXFileReference; name = "Firebase.h"; path = "cordova-plugin-firebase/Firebase.h"; sourceTree = "<group>"; fileEncoding = 4; lastKnownFileType = sourcecode.c.h; explicitFileType = undefined; includeInIndex = 0; };
		6FE74B2934854022937E539A /* GoogleService-Info.plist */ = {isa = PBXFileReference; name = "GoogleService-Info.plist"; path = "GoogleService-Info.plist"; sourceTree = "<group>"; fileEncoding = 4; lastKnownFileType = text.plist.xml; explicitFileType = undefined; includeInIndex = 0; };
		752561B5F10A42CD83BB93BE /* Crashlytics.framework */ = {isa = PBXFileReference; name = "Crashlytics.framework"; path = "finDB/Plugins/cordova-plugin-firebase/Crashlytics.framework"; sourceTree = "<group>"; fileEncoding = undefined; lastKnownFileType = wrapper.framework; explicitFileType = undefined; includeInIndex = 0; };
		65FE0CADF1DC405CA37E5670 /* Fabric.framework */ = {isa = PBXFileReference; name = "Fabric.framework"; path = "finDB/Plugins/cordova-plugin-firebase/Fabric.framework"; sourceTree = "<group>"; fileEncoding = undefined; lastKnownFileType = wrapper.framework; explicitFileType = undefined; includeInIndex = 0; };
		9AAFD61279B04084A91F1961 /* GoogleAppMeasurement.framework */ = {isa = PBXFileReference; name = "GoogleAppMeasurement.framework"; path = "finDB/Plugins/cordova-plugin-firebase/GoogleAppMeasurement.framework"; sourceTree = "<group>"; fileEncoding = undefined; lastKnownFileType = wrapper.framework; explicitFileType = undefined; includeInIndex = 0; };
		D30D2622697942C58E797ADC /* MeasurementNanoPB.framework */ = {isa = PBXFileReference; name = "MeasurementNanoPB.framework"; path = "finDB/Plugins/cordova-plugin-firebase/MeasurementNanoPB.framework"; sourceTree = "<group>"; fileEncoding = undefined; lastKnownFileType = wrapper.framework; explicitFileType = undefined; includeInIndex = 0; };
		B443058E14C0484BB1486352 /* FirebaseCore.framework */ = {isa = PBXFileReference; name = "FirebaseCore.framework"; path = "finDB/Plugins/cordova-plugin-firebase/FirebaseCore.framework"; sourceTree = "<group>"; fileEncoding = undefined; lastKnownFileType = wrapper.framework; explicitFileType = undefined; includeInIndex = 0; };
		FB3037136C324590813844B4 /* FirebaseAnalytics.framework */ = {isa = PBXFileReference; name = "FirebaseAnalytics.framework"; path = "finDB/Plugins/cordova-plugin-firebase/FirebaseAnalytics.framework"; sourceTree = "<group>"; fileEncoding = undefined; lastKnownFileType = wrapper.framework; explicitFileType = undefined; includeInIndex = 0; };
		9CFE3167B24A4E03B232E4AA /* GoogleUtilities.framework */ = {isa = PBXFileReference; name = "GoogleUtilities.framework"; path = "finDB/Plugins/cordova-plugin-firebase/GoogleUtilities.framework"; sourceTree = "<group>"; fileEncoding = undefined; lastKnownFileType = wrapper.framework; explicitFileType = undefined; includeInIndex = 0; };
		9BA80703B1B7420F85A3CF03 /* nanopb.framework */ = {isa = PBXFileReference; name = "nanopb.framework"; path = "finDB/Plugins/cordova-plugin-firebase/nanopb.framework"; sourceTree = "<group>"; fileEncoding = undefined; lastKnownFileType = wrapper.framework; explicitFileType = undefined; includeInIndex = 0; };
		ED6F1FAC844E4693BC24A5E8 /* FirebaseInstanceID.framework */ = {isa = PBXFileReference; name = "FirebaseInstanceID.framework"; path = "finDB/Plugins/cordova-plugin-firebase/FirebaseInstanceID.framework"; sourceTree = "<group>"; fileEncoding = undefined; lastKnownFileType = wrapper.framework; explicitFileType = undefined; includeInIndex = 0; };
		0F2B5B7A429E410AB1686AAD /* FirebaseCoreDiagnostics.framework */ = {isa = PBXFileReference; name = "FirebaseCoreDiagnostics.framework"; path = "finDB/Plugins/cordova-plugin-firebase/FirebaseCoreDiagnostics.framework"; sourceTree = "<group>"; fileEncoding = undefined; lastKnownFileType = wrapper.framework; explicitFileType = undefined; includeInIndex = 0; };
		F4ABE4E69A9D40CDB37DCA49 /* GTMSessionFetcher.framework */ = {isa = PBXFileReference; name = "GTMSessionFetcher.framework"; path = "finDB/Plugins/cordova-plugin-firebase/GTMSessionFetcher.framework"; sourceTree = "<group>"; fileEncoding = undefined; lastKnownFileType = wrapper.framework; explicitFileType = undefined; includeInIndex = 0; };
		F4B1DA3E2005443489E10E1B /* FirebaseAuth.framework */ = {isa = PBXFileReference; name = "FirebaseAuth.framework"; path = "finDB/Plugins/cordova-plugin-firebase/FirebaseAuth.framework"; sourceTree = "<group>"; fileEncoding = undefined; lastKnownFileType = wrapper.framework; explicitFileType = undefined; includeInIndex = 0; };
		E3570FA0063A4B32B582A88E /* FirebaseMessaging.framework */ = {isa = PBXFileReference; name = "FirebaseMessaging.framework"; path = "finDB/Plugins/cordova-plugin-firebase/FirebaseMessaging.framework"; sourceTree = "<group>"; fileEncoding = undefined; lastKnownFileType = wrapper.framework; explicitFileType = undefined; includeInIndex = 0; };
		D71B536CB9CA4DB9A5E405C2 /* GoogleToolboxForMac.framework */ = {isa = PBXFileReference; name = "GoogleToolboxForMac.framework"; path = "finDB/Plugins/cordova-plugin-firebase/GoogleToolboxForMac.framework"; sourceTree = "<group>"; fileEncoding = undefined; lastKnownFileType = wrapper.framework; explicitFileType = undefined; includeInIndex = 0; };
		412B87EDC207419B8DA55274 /* FirebasePerformance.framework */ = {isa = PBXFileReference; name = "FirebasePerformance.framework"; path = "finDB/Plugins/cordova-plugin-firebase/FirebasePerformance.framework"; sourceTree = "<group>"; fileEncoding = undefined; lastKnownFileType = wrapper.framework; explicitFileType = undefined; includeInIndex = 0; };
		15C30F1C1D9C442092FFC6CE /* Protobuf.framework */ = {isa = PBXFileReference; name = "Protobuf.framework"; path = "finDB/Plugins/cordova-plugin-firebase/Protobuf.framework"; sourceTree = "<group>"; fileEncoding = undefined; lastKnownFileType = wrapper.framework; explicitFileType = undefined; includeInIndex = 0; };
		78B3FD8EE6E64BE9BD69E679 /* FirebaseRemoteConfig.framework */ = {isa = PBXFileReference; name = "FirebaseRemoteConfig.framework"; path = "finDB/Plugins/cordova-plugin-firebase/FirebaseRemoteConfig.framework"; sourceTree = "<group>"; fileEncoding = undefined; lastKnownFileType = wrapper.framework; explicitFileType = undefined; includeInIndex = 0; };
		A8D2ABEE017142D6BF9D34D5 /* FirebaseABTesting.framework */ = {isa = PBXFileReference; name = "FirebaseABTesting.framework"; path = "finDB/Plugins/cordova-plugin-firebase/FirebaseABTesting.framework"; sourceTree = "<group>"; fileEncoding = undefined; lastKnownFileType = wrapper.framework; explicitFileType = undefined; includeInIndex = 0; };
/* End PBXFileReference section */

/* Begin PBXFrameworksBuildPhase section */
		1D60588F0D05DD3D006BFB54 /* Frameworks */ = {
			isa = PBXFrameworksBuildPhase;
			buildActionMask = 2147483647;
			files = (
				301BF552109A68D80062928A /* libCordova.a in Frameworks */,
				ADCD5DBDC7F6486F9F8CFF86 /* SystemConfiguration.framework in Frameworks */,
				CADC104A1A894B36B949DB87 /* CoreTelephony.framework in Frameworks */,
				A76E88D4F08F4D6D8352B1B2 /* Crashlytics.framework in Frameworks */,
				E1CD479009D84072A18DB533 /* Fabric.framework in Frameworks */,
				F4057783D4044178ABB1AD6A /* GoogleAppMeasurement.framework in Frameworks */,
				9D475D6CFD6B4160BD9B5C28 /* MeasurementNanoPB.framework in Frameworks */,
				D1179C5957834144986E6AAB /* FirebaseCore.framework in Frameworks */,
				5F39BDF8DD9240CFB1D6B516 /* FirebaseAnalytics.framework in Frameworks */,
				2558EF9BBBF141028689AE69 /* GoogleUtilities.framework in Frameworks */,
				A6B51542105D48BBB151037B /* nanopb.framework in Frameworks */,
				C02C3901CD9D4182B6D9BD56 /* FirebaseInstanceID.framework in Frameworks */,
				DC78D3F324494822972A72DE /* FirebaseCoreDiagnostics.framework in Frameworks */,
				A2AFA122453B42FE92367471 /* GTMSessionFetcher.framework in Frameworks */,
				E68374B4F4E540059BA4079D /* FirebaseAuth.framework in Frameworks */,
				25154A2D2A88417CA1DEFDDB /* FirebaseMessaging.framework in Frameworks */,
				0BF40CFA6C9D46D9935E8FBE /* GoogleToolboxForMac.framework in Frameworks */,
				2ABA0736345645E981CE236B /* FirebasePerformance.framework in Frameworks */,
				DE897088066F47F7A50067AE /* Protobuf.framework in Frameworks */,
				5C99B3D808244EB6AFA5E78A /* FirebaseRemoteConfig.framework in Frameworks */,
				AB25C2DFC96047B1A58E2568 /* FirebaseABTesting.framework in Frameworks */,
			);
			runOnlyForDeploymentPostprocessing = 0;
		};
/* End PBXFrameworksBuildPhase section */

/* Begin PBXGroup section */
		080E96DDFE201D6D7F000001 /* Classes */ = {
			isa = PBXGroup;
			children = (
				302D95EE14D2391D003F00A1 /* MainViewController.h */,
				302D95EF14D2391D003F00A1 /* MainViewController.m */,
				302D95F014D2391D003F00A1 /* MainViewController.xib */,
				1D3623240D0F684500981E51 /* AppDelegate.h */,
				1D3623250D0F684500981E51 /* AppDelegate.m */,
			);
			name = Classes;
			path = "finDB/Classes";
			sourceTree = SOURCE_ROOT;
		};
		19C28FACFE9D520D11CA2CBB /* Products */ = {
			isa = PBXGroup;
			children = (
				1D6058910D05DD3D006BFB54 /* finDB.app */,
			);
			name = Products;
			sourceTree = "<group>";
		};
		29B97314FDCFA39411CA2CEA /* CustomTemplate */ = {
			isa = PBXGroup;
			children = (
				EB87FDF41871DAF40020F90C /* config.xml */,
				EB87FDF31871DA8E0020F90C /* www */,
				EB87FDF11871DA420020F90C /* Staging */,
				301BF52D109A57CC0062928A /* CordovaLib.xcodeproj */,
				080E96DDFE201D6D7F000001 /* Classes */,
				307C750510C5A3420062BCA9 /* Plugins */,
				29B97315FDCFA39411CA2CEA /* Other Sources */,
				29B97317FDCFA39411CA2CEA /* Resources */,
				29B97323FDCFA39411CA2CEA /* Frameworks */,
				19C28FACFE9D520D11CA2CBB /* Products */,
			);
			name = CustomTemplate;
			sourceTree = "<group>";
		};
		29B97315FDCFA39411CA2CEA /* Other Sources */ = {
			isa = PBXGroup;
			children = (
				32CA4F630368D1EE00C91783 /* finDB-Prefix.pch */,
				29B97316FDCFA39411CA2CEA /* main.m */,
				ED33DF2A687741AEAF9F8254 /* Bridging-Header.h */,
			);
			name = "Other Sources";
			path = "finDB";
			sourceTree = "<group>";
		};
		29B97317FDCFA39411CA2CEA /* Resources */ = {
			isa = PBXGroup;
			children = (
				0207DA571B56EA530066E2B4 /* Images.xcassets */,
				3047A50E1AB8057F00498E2A /* config */,
				8D1107310486CEB800E47090 /* finDB-Info.plist */,
				6AFF5BF81D6E424B00AB3073 /* CDVLaunchScreen.storyboard */,
				6FE74B2934854022937E539A /* GoogleService-Info.plist */,
			);
			name = Resources;
			path = "finDB/Resources";
			sourceTree = "<group>";
		};
		29B97323FDCFA39411CA2CEA /* Frameworks */ = {
			isa = PBXGroup;
			children = (
				E4525D8E9398421DB8D0A413 /* SystemConfiguration.framework */,
				AAC9BE9AC3674EEC9D90F943 /* CoreTelephony.framework */,
				752561B5F10A42CD83BB93BE /* Crashlytics.framework */,
				65FE0CADF1DC405CA37E5670 /* Fabric.framework */,
				9AAFD61279B04084A91F1961 /* GoogleAppMeasurement.framework */,
				D30D2622697942C58E797ADC /* MeasurementNanoPB.framework */,
				B443058E14C0484BB1486352 /* FirebaseCore.framework */,
				FB3037136C324590813844B4 /* FirebaseAnalytics.framework */,
				9CFE3167B24A4E03B232E4AA /* GoogleUtilities.framework */,
				9BA80703B1B7420F85A3CF03 /* nanopb.framework */,
				ED6F1FAC844E4693BC24A5E8 /* FirebaseInstanceID.framework */,
				0F2B5B7A429E410AB1686AAD /* FirebaseCoreDiagnostics.framework */,
				F4ABE4E69A9D40CDB37DCA49 /* GTMSessionFetcher.framework */,
				F4B1DA3E2005443489E10E1B /* FirebaseAuth.framework */,
				E3570FA0063A4B32B582A88E /* FirebaseMessaging.framework */,
				D71B536CB9CA4DB9A5E405C2 /* GoogleToolboxForMac.framework */,
				412B87EDC207419B8DA55274 /* FirebasePerformance.framework */,
				15C30F1C1D9C442092FFC6CE /* Protobuf.framework */,
				78B3FD8EE6E64BE9BD69E679 /* FirebaseRemoteConfig.framework */,
				A8D2ABEE017142D6BF9D34D5 /* FirebaseABTesting.framework */,
			);
			name = Frameworks;
			sourceTree = "<group>";
		};
		301BF52E109A57CC0062928A /* Products */ = {
			isa = PBXGroup;
			children = (
				301BF535109A57CC0062928A /* libCordova.a */,
			);
			name = Products;
			sourceTree = "<group>";
		};
		3047A50E1AB8057F00498E2A /* config */ = {
			isa = PBXGroup;
			children = (
				3047A50F1AB8059700498E2A /* build-debug.xcconfig */,
				3047A5101AB8059700498E2A /* build-release.xcconfig */,
				3047A5111AB8059700498E2A /* build.xcconfig */,
			);
			name = config;
			sourceTree = "<group>";
		};
		307C750510C5A3420062BCA9 /* Plugins */ = {
			isa = PBXGroup;
			children = (
				DAAEB86ED0B648DA80C50306 /* CDVStatusBar.m */,
				7E249B025A724C708A49A6F5 /* CDVStatusBar.h */,
				47A6A7CCEE92427F89803A47 /* CDVDevice.m */,
				ADFFBDF16B3143E6A89E28F6 /* CDVDevice.h */,
				CDEC461FE4D14239B706814D /* CDVGlobalization.m */,
				0213382866A74016B5B70823 /* CDVGlobalization.h */,
				FA195DA26860494584C501F6 /* CDVConnection.m */,
				075B818C58FA41FDA19F6F28 /* CDVReachability.m */,
				D616FC4B78FF4CEFB92DB7FE /* CDVConnection.h */,
				157EABCAEDEA426E8CF5E31E /* CDVReachability.h */,
				4D4608E25ADE4BAD960D04D6 /* CDVInAppBrowser.m */,
				08556F405DB84540877C7FCD /* CDVInAppBrowser.h */,
				11EA7E8BCEE04A7AAC33DB8A /* AppDelegate+FirebasePlugin.m */,
				8D9E2555043F4009A04603EA /* FirebasePlugin.m */,
				1B26BE58D05043DD8589CE5E /* AppDelegate+FirebasePlugin.h */,
				E7C250E367064517A627E942 /* FirebasePlugin.h */,
				94FFC74096C342A08627CCAA /* Firebase.h */,
			);
			name = Plugins;
			path = "finDB/Plugins";
			sourceTree = SOURCE_ROOT;
		};
		EB87FDF11871DA420020F90C /* Staging */ = {
			isa = PBXGroup;
			children = (
				F840E1F0165FE0F500CFE078 /* config.xml */,
				301BF56E109A69640062928A /* www */,
			);
			name = Staging;
			sourceTree = "<group>";
		};
/* End PBXGroup section */

/* Begin PBXNativeTarget section */
		1D6058900D05DD3D006BFB54 /* finDB */ = {
			isa = PBXNativeTarget;
			buildConfigurationList = 1D6058960D05DD3E006BFB54 /* Build configuration list for PBXNativeTarget "finDB" */;
			buildPhases = (
				304B58A110DAC018002A0835 /* Copy www directory */,
				1D60588D0D05DD3D006BFB54 /* Resources */,
				1D60588E0D05DD3D006BFB54 /* Sources */,
				1D60588F0D05DD3D006BFB54 /* Frameworks */,
				49F0BC6BD9F14FA4B1D9C639 /* "Crashlytics" */,
			);
			buildRules = (
			);
			dependencies = (
				301BF551109A68C00062928A /* PBXTargetDependency */,
			);
			name = "finDB";
			productName = "finDB";
			productReference = 1D6058910D05DD3D006BFB54 /* finDB.app */;
			productType = "com.apple.product-type.application";
		};
/* End PBXNativeTarget section */

/* Begin PBXProject section */
		29B97313FDCFA39411CA2CEA /* Project object */ = {
			isa = PBXProject;
			attributes = {
				LastUpgradeCheck = 510;
			};
			buildConfigurationList = C01FCF4E08A954540054247B /* Build configuration list for PBXProject "__NON-CLI__" */;
			compatibilityVersion = "Xcode 3.2";
			developmentRegion = English;
			hasScannedForEncodings = 1;
			mainGroup = 29B97314FDCFA39411CA2CEA /* CustomTemplate */;
			projectDirPath = "";
			projectReferences = (
				{
					ProductGroup = 301BF52E109A57CC0062928A /* Products */;
					ProjectRef = 301BF52D109A57CC0062928A /* CordovaLib.xcodeproj */;
				},
			);
			projectRoot = "";
			targets = (
				1D6058900D05DD3D006BFB54 /* finDB */,
			);
		};
/* End PBXProject section */

/* Begin PBXReferenceProxy section */
		301BF535109A57CC0062928A /* libCordova.a */ = {
			isa = PBXReferenceProxy;
			fileType = archive.ar;
			path = libCordova.a;
			remoteRef = 301BF534109A57CC0062928A /* PBXContainerItemProxy */;
			sourceTree = BUILT_PRODUCTS_DIR;
		};
/* End PBXReferenceProxy section */

/* Begin PBXResourcesBuildPhase section */
		1D60588D0D05DD3D006BFB54 /* Resources */ = {
			isa = PBXResourcesBuildPhase;
			buildActionMask = 2147483647;
			files = (
				302D95F214D2391D003F00A1 /* MainViewController.xib in Resources */,
				0207DA581B56EA530066E2B4 /* Images.xcassets in Resources */,
				6AFF5BF91D6E424B00AB3073 /* CDVLaunchScreen.storyboard in Resources */,
				4D1A05DC7F38463185F79490 /* GoogleService-Info.plist in Resources */,
			);
			runOnlyForDeploymentPostprocessing = 0;
		};
/* End PBXResourcesBuildPhase section */

/* Begin PBXShellScriptBuildPhase section */
		304B58A110DAC018002A0835 /* Copy www directory */ = {
			isa = PBXShellScriptBuildPhase;
			buildActionMask = 2147483647;
			files = (
			);
			inputPaths = (
			);
			name = "Copy www directory";
			outputPaths = (
			);
			runOnlyForDeploymentPostprocessing = 0;
			shellPath = /bin/sh;
			shellScript = "NODEJS_PATH=/usr/local/bin; NVM_NODE_PATH=~/.nvm/versions/node/`nvm version 2>/dev/null`/bin; N_NODE_PATH=`find /usr/local/n/versions/node/* -maxdepth 0 -type d 2>/dev/null | tail -1`/bin; XCODE_NODE_PATH=`xcode-select --print-path`/usr/share/xcs/Node/bin; PATH=$NODEJS_PATH:$NVM_NODE_PATH:$N_NODE_PATH:$XCODE_NODE_PATH:$PATH && node cordova/lib/copy-www-build-step.js";
			showEnvVarsInLog = 0;
		};
		49F0BC6BD9F14FA4B1D9C639 /* "Crashlytics" */ = {
			isa = PBXShellScriptBuildPhase;
			buildActionMask = 2147483647;
			files = (
			);
			inputPaths = (
			);
			name = "Crashlytics";
			outputPaths = (
			);
			runOnlyForDeploymentPostprocessing = 0;
			shellPath = /bin/sh;
			shellScript = "\"${SRCROOT}\"/\"finDB\"/Plugins/cordova-plugin-firebase/Fabric.framework/run";
			showEnvVarsInLog = 0;
		};
/* End PBXShellScriptBuildPhase section */

/* Begin PBXSourcesBuildPhase section */
		1D60588E0D05DD3D006BFB54 /* Sources */ = {
			isa = PBXSourcesBuildPhase;
			buildActionMask = 2147483647;
			files = (
				1D60589B0D05DD56006BFB54 /* main.m in Sources */,
				1D3623260D0F684500981E51 /* AppDelegate.m in Sources */,
				302D95F114D2391D003F00A1 /* MainViewController.m in Sources */,
				3D9418B1A30B42FE9FD98947 /* CDVStatusBar.m in Sources */,
				7FED0C7F554F43418D74E33A /* CDVDevice.m in Sources */,
				A7E0DE85DC64402782886FCE /* CDVGlobalization.m in Sources */,
				23EAE02306FE499399E97CBD /* CDVConnection.m in Sources */,
				A5148FC4E91C493384933A48 /* CDVReachability.m in Sources */,
				383A5B0B09394C289476E57A /* CDVInAppBrowser.m in Sources */,
				AEAC574A74E84C73908405E5 /* AppDelegate+FirebasePlugin.m in Sources */,
				DD502059B20D4AE5AABCDE28 /* FirebasePlugin.m in Sources */,
			);
			runOnlyForDeploymentPostprocessing = 0;
		};
/* End PBXSourcesBuildPhase section */

/* Begin PBXTargetDependency section */
		301BF551109A68C00062928A /* PBXTargetDependency */ = {
			isa = PBXTargetDependency;
			name = CordovaLib;
			targetProxy = 301BF550109A68C00062928A /* PBXContainerItemProxy */;
		};
/* End PBXTargetDependency section */

/* Begin XCBuildConfiguration section */
		1D6058940D05DD3E006BFB54 /* Debug */ = {
			isa = XCBuildConfiguration;
			baseConfigurationReference = 3047A50F1AB8059700498E2A /* build-debug.xcconfig */;
			buildSettings = {
				ALWAYS_SEARCH_USER_PATHS = NO;
				ASSETCATALOG_COMPILER_APPICON_NAME = AppIcon;
				ASSETCATALOG_COMPILER_LAUNCHIMAGE_NAME = LaunchImage;
				CLANG_ENABLE_MODULES = YES;
				CLANG_ENABLE_OBJC_ARC = YES;
				COPY_PHASE_STRIP = NO;
				GCC_DYNAMIC_NO_PIC = NO;
				GCC_OPTIMIZATION_LEVEL = 0;
				GCC_PRECOMPILE_PREFIX_HEADER = YES;
				GCC_PREFIX_HEADER = "finDB/finDB-Prefix.pch";
				GCC_THUMB_SUPPORT = NO;
				GCC_VERSION = "";
				INFOPLIST_FILE = "finDB/finDB-Info.plist";
				IPHONEOS_DEPLOYMENT_TARGET = 9.0;
				LD_RUNPATH_SEARCH_PATHS = "@executable_path/Frameworks";
				TARGETED_DEVICE_FAMILY = "1,2";
				PRODUCT_NAME = "finDB";
				FRAMEWORK_SEARCH_PATHS = (
					"$(inherited)",
					"\"finDB/Plugins/cordova-plugin-firebase\"",
					"\"finDB/Plugins/cordova-plugin-firebase\"",
					"\"finDB/Plugins/cordova-plugin-firebase\"",
					"\"finDB/Plugins/cordova-plugin-firebase\"",
					"\"finDB/Plugins/cordova-plugin-firebase\"",
					"\"finDB/Plugins/cordova-plugin-firebase\"",
					"\"finDB/Plugins/cordova-plugin-firebase\"",
					"\"finDB/Plugins/cordova-plugin-firebase\"",
					"\"finDB/Plugins/cordova-plugin-firebase\"",
					"\"finDB/Plugins/cordova-plugin-firebase\"",
					"\"finDB/Plugins/cordova-plugin-firebase\"",
					"\"finDB/Plugins/cordova-plugin-firebase\"",
					"\"finDB/Plugins/cordova-plugin-firebase\"",
					"\"finDB/Plugins/cordova-plugin-firebase\"",
					"\"finDB/Plugins/cordova-plugin-firebase\"",
					"\"finDB/Plugins/cordova-plugin-firebase\"",
					"\"finDB/Plugins/cordova-plugin-firebase\"",
					"\"finDB/Plugins/cordova-plugin-firebase\"",
				);
			};
			name = Debug;
		};
		1D6058950D05DD3E006BFB54 /* Release */ = {
			isa = XCBuildConfiguration;
			baseConfigurationReference = 3047A5101AB8059700498E2A /* build-release.xcconfig */;
			buildSettings = {
				ALWAYS_SEARCH_USER_PATHS = NO;
				ASSETCATALOG_COMPILER_APPICON_NAME = AppIcon;
				ASSETCATALOG_COMPILER_LAUNCHIMAGE_NAME = LaunchImage;
				CLANG_ENABLE_MODULES = YES;
				CLANG_ENABLE_OBJC_ARC = YES;
				COPY_PHASE_STRIP = YES;
				GCC_PRECOMPILE_PREFIX_HEADER = YES;
				GCC_PREFIX_HEADER = "finDB/finDB-Prefix.pch";
				GCC_THUMB_SUPPORT = NO;
				GCC_VERSION = "";
				INFOPLIST_FILE = "finDB/finDB-Info.plist";
				IPHONEOS_DEPLOYMENT_TARGET = 9.0;
				LD_RUNPATH_SEARCH_PATHS = "@executable_path/Frameworks";
				TARGETED_DEVICE_FAMILY = "1,2";
				PRODUCT_NAME = "finDB";
				FRAMEWORK_SEARCH_PATHS = (
					"$(inherited)",
					"\"finDB/Plugins/cordova-plugin-firebase\"",
					"\"finDB/Plugins/cordova-plugin-firebase\"",
					"\"finDB/Plugins/cordova-plugin-firebase\"",
					"\"finDB/Plugins/cordova-plugin-firebase\"",
					"\"finDB/Plugins/cordova-plugin-firebase\"",
					"\"finDB/Plugins/cordova-plugin-firebase\"",
					"\"finDB/Plugins/cordova-plugin-firebase\"",
					"\"finDB/Plugins/cordova-plugin-firebase\"",
					"\"finDB/Plugins/cordova-plugin-firebase\"",
					"\"finDB/Plugins/cordova-plugin-firebase\"",
					"\"finDB/Plugins/cordova-plugin-firebase\"",
					"\"finDB/Plugins/cordova-plugin-firebase\"",
					"\"finDB/Plugins/cordova-plugin-firebase\"",
					"\"finDB/Plugins/cordova-plugin-firebase\"",
					"\"finDB/Plugins/cordova-plugin-firebase\"",
					"\"finDB/Plugins/cordova-plugin-firebase\"",
					"\"finDB/Plugins/cordova-plugin-firebase\"",
					"\"finDB/Plugins/cordova-plugin-firebase\"",
				);
			};
			name = Release;
		};
		C01FCF4F08A954540054247B /* Debug */ = {
			isa = XCBuildConfiguration;
			baseConfigurationReference = 3047A5111AB8059700498E2A /* build.xcconfig */;
			buildSettings = {
				CLANG_ENABLE_MODULES = YES;
				CLANG_ENABLE_OBJC_ARC = YES;
				CLANG_WARN_BOOL_CONVERSION = YES;
				CLANG_WARN_CONSTANT_CONVERSION = YES;
				CLANG_WARN_EMPTY_BODY = YES;
				CLANG_WARN_ENUM_CONVERSION = YES;
				CLANG_WARN_INT_CONVERSION = YES;
				CLANG_WARN__DUPLICATE_METHOD_MATCH = YES;
				GCC_C_LANGUAGE_STANDARD = c99;
				GCC_THUMB_SUPPORT = NO;
				GCC_VERSION = "";
				GCC_WARN_ABOUT_RETURN_TYPE = YES;
				GCC_WARN_UNDECLARED_SELECTOR = YES;
				GCC_WARN_UNINITIALIZED_AUTOS = YES;
				GCC_WARN_UNUSED_FUNCTION = YES;
				GCC_WARN_UNUSED_VARIABLE = YES;
				ONLY_ACTIVE_ARCH = YES;
				SDKROOT = iphoneos;
				SKIP_INSTALL = NO;
				ASSETCATALOG_COMPILER_LAUNCHIMAGE_NAME = LaunchImage;
			};
			name = Debug;
		};
		C01FCF5008A954540054247B /* Release */ = {
			isa = XCBuildConfiguration;
			baseConfigurationReference = 3047A5111AB8059700498E2A /* build.xcconfig */;
			buildSettings = {
				CLANG_ENABLE_MODULES = YES;
				CLANG_ENABLE_OBJC_ARC = YES;
				CLANG_WARN_BOOL_CONVERSION = YES;
				CLANG_WARN_CONSTANT_CONVERSION = YES;
				CLANG_WARN_EMPTY_BODY = YES;
				CLANG_WARN_ENUM_CONVERSION = YES;
				CLANG_WARN_INT_CONVERSION = YES;
				CLANG_WARN__DUPLICATE_METHOD_MATCH = YES;
				GCC_C_LANGUAGE_STANDARD = c99;
				GCC_THUMB_SUPPORT = NO;
				GCC_VERSION = "";
				GCC_WARN_ABOUT_RETURN_TYPE = YES;
				GCC_WARN_UNDECLARED_SELECTOR = YES;
				GCC_WARN_UNINITIALIZED_AUTOS = YES;
				GCC_WARN_UNUSED_FUNCTION = YES;
				GCC_WARN_UNUSED_VARIABLE = YES;
				SDKROOT = iphoneos;
				SKIP_INSTALL = NO;
				ASSETCATALOG_COMPILER_LAUNCHIMAGE_NAME = LaunchImage;
			};
			name = Release;
		};
/* End XCBuildConfiguration section */

/* Begin XCConfigurationList section */
		1D6058960D05DD3E006BFB54 /* Build configuration list for PBXNativeTarget "finDB" */ = {
			isa = XCConfigurationList;
			buildConfigurations = (
				1D6058940D05DD3E006BFB54 /* Debug */,
				1D6058950D05DD3E006BFB54 /* Release */,
			);
			defaultConfigurationIsVisible = 0;
			defaultConfigurationName = Release;
		};
		C01FCF4E08A954540054247B /* Build configuration list for PBXProject "__NON-CLI__" */ = {
			isa = XCConfigurationList;
			buildConfigurations = (
				C01FCF4F08A954540054247B /* Debug */,
				C01FCF5008A954540054247B /* Release */,
			);
			defaultConfigurationIsVisible = 0;
			defaultConfigurationName = Release;
		};
/* End XCConfigurationList section */
	};
	rootObject = 29B97313FDCFA39411CA2CEA /* Project object */;
}
